
Microsoft Visual Studio Solution File, Format Version 12.00
# Visual Studio 15
VisualStudioVersion = 15.0.28307.1062
MinimumVisualStudioVersion = 10.0.40219.1
Project("{FAE04EC0-301F-11D3-BF4B-00C04F79EFBC}") = "ChatGPTWebForm", "ChatGPTWebForm\ChatGPTWebForm.csproj", "{4850D6A7-7930-4F17-A37D-38B35A97692B}"
EndProject
Global
	GlobalSection(SolutionConfigurationPlatforms) = preSolution
		Debug|Any CPU = Debug|Any CPU
		Release|Any CPU = Release|Any CPU
	EndGlobalSection
	GlobalSection(ProjectConfigurationPlatforms) = postSolution
		{4850D6A7-7930-4F17-A37D-38B35A97692B}.Debug|Any CPU.ActiveCfg = Debug|Any CPU
		{4850D6A7-7930-4F17-A37D-38B35A97692B}.Debug|Any CPU.Build.0 = Debug|Any CPU
		{4850D6A7-7930-4F17-A37D-38B35A97692B}.Release|Any CPU.ActiveCfg = Release|Any CPU
		{4850D6A7-7930-4F17-A37D-38B35A97692B}.Release|Any CPU.Build.0 = Release|Any CPU
	EndGlobalSection
	GlobalSection(SolutionProperties) = preSolution
		HideSolutionNode = FALSE
	EndGlobalSection
	GlobalSection(ExtensibilityGlobals) = postSolution
		SolutionGuid = {C6DB523F-3592-4DFA-B85E-9B925D0A2339}
	EndGlobalSection
EndGlobal
